
Microsoft Visual Studio Solution File, Format Version 12.00
# Visual Studio Version 16
VisualStudioVersion = 16.0.29806.167
MinimumVisualStudioVersion = 10.0.40219.1
Project("{FAE04EC0-301F-11D3-BF4B-00C04F79EFBC}") = "LearningControllers", "LearningControllers\LearningControllers.csproj", "{80FF89F4-3E79-47AC-89BA-33396E35F488}"
EndProject
Global
	GlobalSection(SolutionConfigurationPlatforms) = preSolution
		Debug|Any CPU = Debug|Any CPU
		Release|Any CPU = Release|Any CPU
	EndGlobalSection
	GlobalSection(ProjectConfigurationPlatforms) = postSolution
		{80FF89F4-3E79-47AC-89BA-33396E35F488}.Debug|Any CPU.ActiveCfg = Debug|Any CPU
		{80FF89F4-3E79-47AC-89BA-33396E35F488}.Debug|Any CPU.Build.0 = Debug|Any CPU
		{80FF89F4-3E79-47AC-89BA-33396E35F488}.Release|Any CPU.ActiveCfg = Release|Any CPU
		{80FF89F4-3E79-47AC-89BA-33396E35F488}.Release|Any CPU.Build.0 = Release|Any CPU
	EndGlobalSection
	GlobalSection(SolutionProperties) = preSolution
		HideSolutionNode = FALSE
	EndGlobalSection
	GlobalSection(ExtensibilityGlobals) = postSolution
		SolutionGuid = {15C88552-B928-4FC4-9200-650E825B17B3}
	EndGlobalSection
EndGlobal
